
Microsoft Visual Studio Solution File, Format Version 12.00
# Visual Studio Version 17
VisualStudioVersion = 17.2.32630.192
MinimumVisualStudioVersion = 10.0.40219.1
Project("{9A19103F-16F7-4668-BE54-9A1E7A4F7556}") = "MemoryMappingSimple", "MemoryMappedSimple\MemoryMappingSimple.csproj", "{1DA14973-7BB2-4467-8214-D730AD7908CF}"
EndProject
Global
	GlobalSection(SolutionConfigurationPlatforms) = preSolution
		Debug|Any CPU = Debug|Any CPU
		Debug|x64 = Debug|x64
		Release|Any CPU = Release|Any CPU
		Release|x64 = Release|x64
	EndGlobalSection
	GlobalSection(ProjectConfigurationPlatforms) = postSolution
		{1DA14973-7BB2-4467-8214-D730AD7908CF}.Debug|Any CPU.ActiveCfg = Debug|Any CPU
		{1DA14973-7BB2-4467-8214-D730AD7908CF}.Debug|Any CPU.Build.0 = Debug|Any CPU
		{1DA14973-7BB2-4467-8214-D730AD7908CF}.Debug|x64.ActiveCfg = Debug|x64
		{1DA14973-7BB2-4467-8214-D730AD7908CF}.Debug|x64.Build.0 = Debug|x64
		{1DA14973-7BB2-4467-8214-D730AD7908CF}.Release|Any CPU.ActiveCfg = Release|Any CPU
		{1DA14973-7BB2-4467-8214-D730AD7908CF}.Release|Any CPU.Build.0 = Release|Any CPU
		{1DA14973-7BB2-4467-8214-D730AD7908CF}.Release|x64.ActiveCfg = Release|x64
		{1DA14973-7BB2-4467-8214-D730AD7908CF}.Release|x64.Build.0 = Release|x64
	EndGlobalSection
	GlobalSection(SolutionProperties) = preSolution
		HideSolutionNode = FALSE
	EndGlobalSection
	GlobalSection(ExtensibilityGlobals) = postSolution
		SolutionGuid = {AB5D502D-2B2E-4D9E-B7F4-EE2B776C4368}
	EndGlobalSection
EndGlobal
